{
  "version": "4",
  "redirects": {
    "https://esm.sh/@putout/bundle": "https://esm.sh/@putout/bundle@3.25.0",
    "https://esm.sh/@putout/bundle?target=denonext": "https://esm.sh/@putout/bundle@4.1.0?target=denonext",
    "https://esm.sh/@putout/plugin-declare-undefined-variables?alias=putout:@putout/bundle": "https://esm.sh/@putout/plugin-declare-undefined-variables@8.0.3?alias=putout:@putout/bundle",
    "https://esm.sh/@putout/plugin-remove-debugger?alias=putout:@putout/bundle": "https://esm.sh/@putout/plugin-remove-debugger@7.0.0?alias=putout:@putout/bundle"
  },
  "remote": {
    "https://esm.sh/@putout/bundle@3.25.0": "8ffff27bcea2d4c59f5ff11c422d43a354557aa860f25677a13387f593b1a339",
    "https://esm.sh/@putout/bundle@3.25.0/denonext/bundle.mjs": "a247fd0a7454999d5ad987eb618139cc6d4f143ea5e09dcf7c87f9ccf0b3c24d",
    "https://esm.sh/@putout/bundle@4.1.0/denonext/bundle.mjs": "4b97db0800eb99c674990a36a99debbfffeed8a0bda0f8a40f25f0c436441647",
    "https://esm.sh/@putout/bundle@4.1.0?target=denonext": "a908e6c060f4e55e887d2a00cefc19c783fac9c583343aad2e1adf124b910d50",
    "https://esm.sh/@putout/plugin-declare-undefined-variables@8.0.3/X-YXB1dG91dDpAcHV0b3V0L2J1bmRsZQ/denonext/plugin-declare-undefined-variables.mjs": "9369474f1fd3ba02f647413632817f039ac93cb3e362fabb63dbce9c2369fe06",
    "https://esm.sh/@putout/plugin-declare-undefined-variables@8.0.3?alias=putout:@putout/bundle": "958223c5752caed62ef04b79931b03eb0366866df287565c4cf69d91b22af9e6",
    "https://esm.sh/@putout/plugin-remove-debugger@7.0.0/X-YXB1dG91dDpAcHV0b3V0L2J1bmRsZQ/denonext/plugin-remove-debugger.mjs": "769b6837ee91dcfd59005925b7a3b8c38e97293a08e8c2a37fe37118606a766d",
    "https://esm.sh/@putout/plugin-remove-debugger@7.0.0?alias=putout:@putout/bundle": "6edd98dd56555d77ef0557d3aa54b550dceba3cb493ade510e6666ffe527d55c"
  },
  "workspace": {
    "packageJson": {
      "dependencies": [
        "npm:@rollup/plugin-alias@5",
        "npm:@rollup/plugin-commonjs@^28.0.1",
        "npm:@rollup/plugin-json@6",
        "npm:@rollup/plugin-node-resolve@16",
        "npm:@rollup/plugin-replace@^6.0.1",
        "npm:@rollup/plugin-terser@0.4",
        "npm:acorn-stage3@4",
        "npm:c8@^10.1.2",
        "npm:eslint-plugin-putout@^26.1.0",
        "npm:eslint@^9.14.0",
        "npm:hermes-parser@0.27",
        "npm:madrun@11",
        "npm:nodemon@^3.0.1",
        "npm:putout@^40.0.1",
        "npm:rollup-plugin-node-externals@8",
        "npm:rollup-plugin-polyfill-node@0.13",
        "npm:rollup@^4.24.2",
        "npm:tenko@^2.0.1"
      ]
    }
  }
}
